
Microsoft Visual Studio Solution File, Format Version 12.00
# Visual Studio Version 17
VisualStudioVersion = 17.6.33829.357
MinimumVisualStudioVersion = 10.0.40219.1
Project("{FAE04EC0-301F-11D3-BF4B-00C04F79EFBC}") = "ADMS", "ADMS\ADMS.csproj", "{39FE3463-8C32-4887-AC67-C0F9F3D15B74}"
EndProject
Global
	GlobalSection(SolutionConfigurationPlatforms) = preSolution
		Debug|Any CPU = Debug|Any CPU
		Release|Any CPU = Release|Any CPU
	EndGlobalSection
	GlobalSection(ProjectConfigurationPlatforms) = postSolution
		{39FE3463-8C32-4887-AC67-C0F9F3D15B74}.Debug|Any CPU.ActiveCfg = Debug|Any CPU
		{39FE3463-8C32-4887-AC67-C0F9F3D15B74}.Debug|Any CPU.Build.0 = Debug|Any CPU
		{39FE3463-8C32-4887-AC67-C0F9F3D15B74}.Release|Any CPU.ActiveCfg = Release|Any CPU
		{39FE3463-8C32-4887-AC67-C0F9F3D15B74}.Release|Any CPU.Build.0 = Release|Any CPU
	EndGlobalSection
	GlobalSection(SolutionProperties) = preSolution
		HideSolutionNode = FALSE
	EndGlobalSection
	GlobalSection(ExtensibilityGlobals) = postSolution
		SolutionGuid = {32A83C94-EF14-4181-975B-9BE6B37D0A7F}
	EndGlobalSection
EndGlobal
